
Microsoft Visual Studio Solution File, Format Version 12.00
# Visual Studio Version 16
VisualStudioVersion = 16.0.29519.87
MinimumVisualStudioVersion = 10.0.40219.1
Project("{FAE04EC0-301F-11D3-BF4B-00C04F79EFBC}") = "A20 Ex02 Harel 308549807 Eran 205477383", "A20 Ex02 Harel 308549807 Eran 205477383.csproj", "{D3F1A3E2-8BFE-47B1-8FF8-A67489145F34}"
EndProject
Project("{2150E333-8FDC-42A3-9474-1A3956D46DE8}") = "Solution Items", "Solution Items", "{5E448BEA-3D96-4D9B-B17D-B1466A86EC5B}"
	ProjectSection(SolutionItems) = preProject
		Exercise checking report .txt = Exercise checking report .txt
	EndProjectSection
EndProject
Global
	GlobalSection(SolutionConfigurationPlatforms) = preSolution
		Debug|Any CPU = Debug|Any CPU
		Release|Any CPU = Release|Any CPU
	EndGlobalSection
	GlobalSection(ProjectConfigurationPlatforms) = postSolution
		{D3F1A3E2-8BFE-47B1-8FF8-A67489145F34}.Debug|Any CPU.ActiveCfg = Debug|Any CPU
		{D3F1A3E2-8BFE-47B1-8FF8-A67489145F34}.Debug|Any CPU.Build.0 = Debug|Any CPU
		{D3F1A3E2-8BFE-47B1-8FF8-A67489145F34}.Release|Any CPU.ActiveCfg = Release|Any CPU
		{D3F1A3E2-8BFE-47B1-8FF8-A67489145F34}.Release|Any CPU.Build.0 = Release|Any CPU
	EndGlobalSection
	GlobalSection(SolutionProperties) = preSolution
		HideSolutionNode = FALSE
	EndGlobalSection
	GlobalSection(ExtensibilityGlobals) = postSolution
		SolutionGuid = {9931368F-A23A-4919-A65B-0963728D07F3}
	EndGlobalSection
EndGlobal
